{
  "originHash" : "c616180b3c401539bac833962a17202350b44029018285dbe45011de1beac4a7",
  "pins" : [
    {
      "identity" : "agorainfra_ios",
      "kind" : "remoteSourceControl",
      "location" : "https://github.com/AgoraIO/AgoraInfra_iOS.git",
      "state" : {
        "revision" : "c2781d81a1ac78b94fefd53171975acb426b6ac5",
        "version" : "1.2.13"
      }
    },
    {
      "identity" : "agorartcengine_ios",
      "kind" : "remoteSourceControl",
      "location" : "https://github.com/AgoraIO/AgoraRtcEngine_iOS.git",
      "state" : {
        "revision" : "26ecb3247b017cd17412b5e0922a049a0ac98815",
        "version" : "4.5.0"
      }
    },
    {
      "identity" : "omise-ios",
      "kind" : "remoteSourceControl",
      "location" : "https://github.com/omise/omise-ios.git",
      "state" : {
        "revision" : "dbd224729a47d105636fe6dfceaed476095fc851",
        "version" : "5.3.0"
      }
    },
    {
      "identity" : "spm",
      "kind" : "remoteSourceControl",
      "location" : "https://github.com/ios-3ds-sdk/SPM",
      "state" : {
        "revision" : "a4e55d7f10294ea81abd1db393ae05606a5efa46",
        "version" : "2.4.0"
      }
    }
  ],
  "version" : 3
}
