{
  "originHash" : "d772eecf610f663775d5bcced25fdeb0a9d22aa42e09f9f5a34cf372f4bdb133",
  "pins" : [
    {
      "identity" : "omise-ios",
      "kind" : "remoteSourceControl",
      "location" : "https://github.com/omise/omise-ios.git",
      "state" : {
        "revision" : "dbd224729a47d105636fe6dfceaed476095fc851",
        "version" : "5.3.0"
      }
    },
    {
      "identity" : "spm",
      "kind" : "remoteSourceControl",
      "location" : "https://github.com/ios-3ds-sdk/SPM",
      "state" : {
        "revision" : "a4e55d7f10294ea81abd1db393ae05606a5efa46",
        "version" : "2.4.0"
      }
    }
  ],
  "version" : 3
}
